
Microsoft Visual Studio Solution File, Format Version 12.00
# Visual Studio Version 17
VisualStudioVersion = 17.7.34009.444
MinimumVisualStudioVersion = 10.0.40219.1
Project("{FAE04EC0-301F-11D3-BF4B-00C04F79EFBC}") = "UsuariosApi", "UsuariosApi\UsuariosApi.csproj", "{FEA537D1-B5CC-4C4C-8D21-D0F848593A86}"
EndProject
Global
	GlobalSection(SolutionConfigurationPlatforms) = preSolution
		Debug|Any CPU = Debug|Any CPU
		Release|Any CPU = Release|Any CPU
	EndGlobalSection
	GlobalSection(ProjectConfigurationPlatforms) = postSolution
		{FEA537D1-B5CC-4C4C-8D21-D0F848593A86}.Debug|Any CPU.ActiveCfg = Debug|Any CPU
		{FEA537D1-B5CC-4C4C-8D21-D0F848593A86}.Debug|Any CPU.Build.0 = Debug|Any CPU
		{FEA537D1-B5CC-4C4C-8D21-D0F848593A86}.Release|Any CPU.ActiveCfg = Release|Any CPU
		{FEA537D1-B5CC-4C4C-8D21-D0F848593A86}.Release|Any CPU.Build.0 = Release|Any CPU
	EndGlobalSection
	GlobalSection(SolutionProperties) = preSolution
		HideSolutionNode = FALSE
	EndGlobalSection
	GlobalSection(ExtensibilityGlobals) = postSolution
		SolutionGuid = {65B3EA18-346E-4EC2-AFA6-3939AF6F4D78}
	EndGlobalSection
EndGlobal
